
Microsoft Visual Studio Solution File, Format Version 12.00
# Visual Studio Version 16
VisualStudioVersion = 16.0.29709.97
MinimumVisualStudioVersion = 10.0.40219.1
Project("{FAE04EC0-301F-11D3-BF4B-00C04F79EFBC}") = "MissionIterator", "MissionIterator.csproj", "{3A8A1DEA-3EED-4E94-A5AD-736ED2CC61D5}"
EndProject
Global
	GlobalSection(SolutionConfigurationPlatforms) = preSolution
		Debug|Any CPU = Debug|Any CPU
		Release|Any CPU = Release|Any CPU
	EndGlobalSection
	GlobalSection(ProjectConfigurationPlatforms) = postSolution
		{3A8A1DEA-3EED-4E94-A5AD-736ED2CC61D5}.Debug|Any CPU.ActiveCfg = Debug|Any CPU
		{3A8A1DEA-3EED-4E94-A5AD-736ED2CC61D5}.Debug|Any CPU.Build.0 = Debug|Any CPU
		{3A8A1DEA-3EED-4E94-A5AD-736ED2CC61D5}.Release|Any CPU.ActiveCfg = Release|Any CPU
		{3A8A1DEA-3EED-4E94-A5AD-736ED2CC61D5}.Release|Any CPU.Build.0 = Release|Any CPU
	EndGlobalSection
	GlobalSection(SolutionProperties) = preSolution
		HideSolutionNode = FALSE
	EndGlobalSection
	GlobalSection(ExtensibilityGlobals) = postSolution
		SolutionGuid = {7C70F87A-F769-44CD-B82A-19ADDA126CA5}
	EndGlobalSection
EndGlobal
